
Microsoft Visual Studio Solution File, Format Version 12.00
# Visual Studio 15
VisualStudioVersion = 15.0.27130.2010
MinimumVisualStudioVersion = 10.0.40219.1
Project("{FAE04EC0-301F-11D3-BF4B-00C04F79EFBC}") = "batteryinformation", "batteryinformation\batteryinformation.csproj", "{34DF8C77-598E-4748-9579-7C39207366A5}"
EndProject
Global
	GlobalSection(SolutionConfigurationPlatforms) = preSolution
		Debug|Any CPU = Debug|Any CPU
		Release|Any CPU = Release|Any CPU
	EndGlobalSection
	GlobalSection(ProjectConfigurationPlatforms) = postSolution
		{34DF8C77-598E-4748-9579-7C39207366A5}.Debug|Any CPU.ActiveCfg = Debug|Any CPU
		{34DF8C77-598E-4748-9579-7C39207366A5}.Debug|Any CPU.Build.0 = Debug|Any CPU
		{34DF8C77-598E-4748-9579-7C39207366A5}.Release|Any CPU.ActiveCfg = Release|Any CPU
		{34DF8C77-598E-4748-9579-7C39207366A5}.Release|Any CPU.Build.0 = Release|Any CPU
	EndGlobalSection
	GlobalSection(SolutionProperties) = preSolution
		HideSolutionNode = FALSE
	EndGlobalSection
	GlobalSection(ExtensibilityGlobals) = postSolution
		SolutionGuid = {392C0D41-F0C9-4837-9B77-C7A9F643445D}
	EndGlobalSection
EndGlobal
